
Microsoft Visual Studio Solution File, Format Version 11.00
# Visual Studio 2010
Project("{FAE04EC0-301F-11D3-BF4B-00C04F79EFBC}") = "MotelRoomManagement", "MotelRoomManagement\MotelRoomManagement.csproj", "{9AFDBCCD-E68A-40C3-A017-D047645522A2}"
EndProject
Project("{FAE04EC0-301F-11D3-BF4B-00C04F79EFBC}") = "MRBUS", "MRBUS\MRBUS.csproj", "{53C1AE4D-CAE7-45D7-88E5-CD57E595F6F9}"
EndProject
Project("{FAE04EC0-301F-11D3-BF4B-00C04F79EFBC}") = "MRDAO", "MRDAO\MRDAO.csproj", "{3EF18EB7-903A-4764-B53F-E4875E4885E8}"
EndProject
Project("{FAE04EC0-301F-11D3-BF4B-00C04F79EFBC}") = "MRDTO", "MRDTO\MRDTO.csproj", "{E49DDA73-70A0-4DC8-9B22-FA4262C012DF}"
EndProject
Global
	GlobalSection(SolutionConfigurationPlatforms) = preSolution
		Debug|Any CPU = Debug|Any CPU
		Debug|Mixed Platforms = Debug|Mixed Platforms
		Debug|x86 = Debug|x86
		Release|Any CPU = Release|Any CPU
		Release|Mixed Platforms = Release|Mixed Platforms
		Release|x86 = Release|x86
	EndGlobalSection
	GlobalSection(ProjectConfigurationPlatforms) = postSolution
		{9AFDBCCD-E68A-40C3-A017-D047645522A2}.Debug|Any CPU.ActiveCfg = Debug|x86
		{9AFDBCCD-E68A-40C3-A017-D047645522A2}.Debug|Mixed Platforms.ActiveCfg = Debug|x86
		{9AFDBCCD-E68A-40C3-A017-D047645522A2}.Debug|Mixed Platforms.Build.0 = Debug|x86
		{9AFDBCCD-E68A-40C3-A017-D047645522A2}.Debug|x86.ActiveCfg = Debug|x86
		{9AFDBCCD-E68A-40C3-A017-D047645522A2}.Debug|x86.Build.0 = Debug|x86
		{9AFDBCCD-E68A-40C3-A017-D047645522A2}.Release|Any CPU.ActiveCfg = Release|x86
		{9AFDBCCD-E68A-40C3-A017-D047645522A2}.Release|Mixed Platforms.ActiveCfg = Release|x86
		{9AFDBCCD-E68A-40C3-A017-D047645522A2}.Release|Mixed Platforms.Build.0 = Release|x86
		{9AFDBCCD-E68A-40C3-A017-D047645522A2}.Release|x86.ActiveCfg = Release|x86
		{9AFDBCCD-E68A-40C3-A017-D047645522A2}.Release|x86.Build.0 = Release|x86
		{53C1AE4D-CAE7-45D7-88E5-CD57E595F6F9}.Debug|Any CPU.ActiveCfg = Debug|Any CPU
		{53C1AE4D-CAE7-45D7-88E5-CD57E595F6F9}.Debug|Any CPU.Build.0 = Debug|Any CPU
		{53C1AE4D-CAE7-45D7-88E5-CD57E595F6F9}.Debug|Mixed Platforms.ActiveCfg = Debug|Any CPU
		{53C1AE4D-CAE7-45D7-88E5-CD57E595F6F9}.Debug|Mixed Platforms.Build.0 = Debug|Any CPU
		{53C1AE4D-CAE7-45D7-88E5-CD57E595F6F9}.Debug|x86.ActiveCfg = Debug|Any CPU
		{53C1AE4D-CAE7-45D7-88E5-CD57E595F6F9}.Release|Any CPU.ActiveCfg = Release|Any CPU
		{53C1AE4D-CAE7-45D7-88E5-CD57E595F6F9}.Release|Any CPU.Build.0 = Release|Any CPU
		{53C1AE4D-CAE7-45D7-88E5-CD57E595F6F9}.Release|Mixed Platforms.ActiveCfg = Release|Any CPU
		{53C1AE4D-CAE7-45D7-88E5-CD57E595F6F9}.Release|Mixed Platforms.Build.0 = Release|Any CPU
		{53C1AE4D-CAE7-45D7-88E5-CD57E595F6F9}.Release|x86.ActiveCfg = Release|Any CPU
		{3EF18EB7-903A-4764-B53F-E4875E4885E8}.Debug|Any CPU.ActiveCfg = Debug|Any CPU
		{3EF18EB7-903A-4764-B53F-E4875E4885E8}.Debug|Any CPU.Build.0 = Debug|Any CPU
		{3EF18EB7-903A-4764-B53F-E4875E4885E8}.Debug|Mixed Platforms.ActiveCfg = Debug|Any CPU
		{3EF18EB7-903A-4764-B53F-E4875E4885E8}.Debug|Mixed Platforms.Build.0 = Debug|Any CPU
		{3EF18EB7-903A-4764-B53F-E4875E4885E8}.Debug|x86.ActiveCfg = Debug|Any CPU
		{3EF18EB7-903A-4764-B53F-E4875E4885E8}.Release|Any CPU.ActiveCfg = Release|Any CPU
		{3EF18EB7-903A-4764-B53F-E4875E4885E8}.Release|Any CPU.Build.0 = Release|Any CPU
		{3EF18EB7-903A-4764-B53F-E4875E4885E8}.Release|Mixed Platforms.ActiveCfg = Release|Any CPU
		{3EF18EB7-903A-4764-B53F-E4875E4885E8}.Release|Mixed Platforms.Build.0 = Release|Any CPU
		{3EF18EB7-903A-4764-B53F-E4875E4885E8}.Release|x86.ActiveCfg = Release|Any CPU
		{E49DDA73-70A0-4DC8-9B22-FA4262C012DF}.Debug|Any CPU.ActiveCfg = Debug|Any CPU
		{E49DDA73-70A0-4DC8-9B22-FA4262C012DF}.Debug|Any CPU.Build.0 = Debug|Any CPU
		{E49DDA73-70A0-4DC8-9B22-FA4262C012DF}.Debug|Mixed Platforms.ActiveCfg = Debug|Any CPU
		{E49DDA73-70A0-4DC8-9B22-FA4262C012DF}.Debug|Mixed Platforms.Build.0 = Debug|Any CPU
		{E49DDA73-70A0-4DC8-9B22-FA4262C012DF}.Debug|x86.ActiveCfg = Debug|Any CPU
		{E49DDA73-70A0-4DC8-9B22-FA4262C012DF}.Release|Any CPU.ActiveCfg = Release|Any CPU
		{E49DDA73-70A0-4DC8-9B22-FA4262C012DF}.Release|Any CPU.Build.0 = Release|Any CPU
		{E49DDA73-70A0-4DC8-9B22-FA4262C012DF}.Release|Mixed Platforms.ActiveCfg = Release|Any CPU
		{E49DDA73-70A0-4DC8-9B22-FA4262C012DF}.Release|Mixed Platforms.Build.0 = Release|Any CPU
		{E49DDA73-70A0-4DC8-9B22-FA4262C012DF}.Release|x86.ActiveCfg = Release|Any CPU
	EndGlobalSection
	GlobalSection(SolutionProperties) = preSolution
		HideSolutionNode = FALSE
	EndGlobalSection
EndGlobal
